
Microsoft Visual Studio Solution File, Format Version 12.00
# Visual Studio 15
VisualStudioVersion = 15.0.27729.1
MinimumVisualStudioVersion = 10.0.40219.1
Project("{9A19103F-16F7-4668-BE54-9A1E7A4F7556}") = "WebApplication1", "WebApplication1\WebApplication1.csproj", "{4F201B94-9B6A-4C39-AF09-B45D3CCF310A}"
EndProject
Project("{9A19103F-16F7-4668-BE54-9A1E7A4F7556}") = "ConsoleApp1", "ConsoleApp1\ConsoleApp1.csproj", "{5631C07C-533D-4D5E-B542-EAB6FEB756EC}"
EndProject
Global
	GlobalSection(SolutionConfigurationPlatforms) = preSolution
		Debug|Any CPU = Debug|Any CPU
		Release|Any CPU = Release|Any CPU
	EndGlobalSection
	GlobalSection(ProjectConfigurationPlatforms) = postSolution
		{4F201B94-9B6A-4C39-AF09-B45D3CCF310A}.Debug|Any CPU.ActiveCfg = Debug|Any CPU
		{4F201B94-9B6A-4C39-AF09-B45D3CCF310A}.Debug|Any CPU.Build.0 = Debug|Any CPU
		{4F201B94-9B6A-4C39-AF09-B45D3CCF310A}.Release|Any CPU.ActiveCfg = Release|Any CPU
		{4F201B94-9B6A-4C39-AF09-B45D3CCF310A}.Release|Any CPU.Build.0 = Release|Any CPU
		{5631C07C-533D-4D5E-B542-EAB6FEB756EC}.Debug|Any CPU.ActiveCfg = Debug|Any CPU
		{5631C07C-533D-4D5E-B542-EAB6FEB756EC}.Debug|Any CPU.Build.0 = Debug|Any CPU
		{5631C07C-533D-4D5E-B542-EAB6FEB756EC}.Release|Any CPU.ActiveCfg = Release|Any CPU
		{5631C07C-533D-4D5E-B542-EAB6FEB756EC}.Release|Any CPU.Build.0 = Release|Any CPU
	EndGlobalSection
	GlobalSection(SolutionProperties) = preSolution
		HideSolutionNode = FALSE
	EndGlobalSection
	GlobalSection(ExtensibilityGlobals) = postSolution
		SolutionGuid = {A4E5AC3B-7469-4581-9F10-353C147FC967}
	EndGlobalSection
EndGlobal
